
Microsoft Visual Studio Solution File, Format Version 12.00
# Visual Studio Version 17
VisualStudioVersion = 17.10.35027.167
MinimumVisualStudioVersion = 10.0.40219.1
Project("{FAE04EC0-301F-11D3-BF4B-00C04F79EFBC}") = "asp.net_Practice", "asp.net_Practice.csproj", "{4FA0FC8D-253B-49A0-80A1-CE9D4656F2CB}"
EndProject
Global
	GlobalSection(SolutionConfigurationPlatforms) = preSolution
		Debug|Any CPU = Debug|Any CPU
		Release|Any CPU = Release|Any CPU
	EndGlobalSection
	GlobalSection(ProjectConfigurationPlatforms) = postSolution
		{4FA0FC8D-253B-49A0-80A1-CE9D4656F2CB}.Debug|Any CPU.ActiveCfg = Debug|Any CPU
		{4FA0FC8D-253B-49A0-80A1-CE9D4656F2CB}.Debug|Any CPU.Build.0 = Debug|Any CPU
		{4FA0FC8D-253B-49A0-80A1-CE9D4656F2CB}.Release|Any CPU.ActiveCfg = Release|Any CPU
		{4FA0FC8D-253B-49A0-80A1-CE9D4656F2CB}.Release|Any CPU.Build.0 = Release|Any CPU
	EndGlobalSection
	GlobalSection(SolutionProperties) = preSolution
		HideSolutionNode = FALSE
	EndGlobalSection
	GlobalSection(ExtensibilityGlobals) = postSolution
		SolutionGuid = {88D81264-B24F-42D0-91E7-F4B5F1B5ED98}
	EndGlobalSection
EndGlobal
